
Microsoft Visual Studio Solution File, Format Version 12.00
# Visual Studio 15
VisualStudioVersion = 15.0.28010.2036
MinimumVisualStudioVersion = 10.0.40219.1
Project("{FAE04EC0-301F-11D3-BF4B-00C04F79EFBC}") = "TreeIntersection", "TreeIntersection\TreeIntersection.csproj", "{C5A845E7-3A83-4DCB-B1BA-2C2CE37C68D2}"
EndProject
Project("{FAE04EC0-301F-11D3-BF4B-00C04F79EFBC}") = "TestIntersection", "TestIntersection\TestIntersection.csproj", "{B3FA8D2E-2B62-427C-8B90-1C5DCE999703}"
EndProject
Global
	GlobalSection(SolutionConfigurationPlatforms) = preSolution
		Debug|Any CPU = Debug|Any CPU
		Release|Any CPU = Release|Any CPU
	EndGlobalSection
	GlobalSection(ProjectConfigurationPlatforms) = postSolution
		{C5A845E7-3A83-4DCB-B1BA-2C2CE37C68D2}.Debug|Any CPU.ActiveCfg = Debug|Any CPU
		{C5A845E7-3A83-4DCB-B1BA-2C2CE37C68D2}.Debug|Any CPU.Build.0 = Debug|Any CPU
		{C5A845E7-3A83-4DCB-B1BA-2C2CE37C68D2}.Release|Any CPU.ActiveCfg = Release|Any CPU
		{C5A845E7-3A83-4DCB-B1BA-2C2CE37C68D2}.Release|Any CPU.Build.0 = Release|Any CPU
		{B3FA8D2E-2B62-427C-8B90-1C5DCE999703}.Debug|Any CPU.ActiveCfg = Debug|Any CPU
		{B3FA8D2E-2B62-427C-8B90-1C5DCE999703}.Debug|Any CPU.Build.0 = Debug|Any CPU
		{B3FA8D2E-2B62-427C-8B90-1C5DCE999703}.Release|Any CPU.ActiveCfg = Release|Any CPU
		{B3FA8D2E-2B62-427C-8B90-1C5DCE999703}.Release|Any CPU.Build.0 = Release|Any CPU
	EndGlobalSection
	GlobalSection(SolutionProperties) = preSolution
		HideSolutionNode = FALSE
	EndGlobalSection
	GlobalSection(ExtensibilityGlobals) = postSolution
		SolutionGuid = {04AC04C1-EC1E-405F-8212-E672DF5E40E3}
	EndGlobalSection
EndGlobal
