
Microsoft Visual Studio Solution File, Format Version 12.00
# Visual Studio 15
VisualStudioVersion = 15.0.28010.2036
MinimumVisualStudioVersion = 10.0.40219.1
Project("{FAE04EC0-301F-11D3-BF4B-00C04F79EFBC}") = "BreadthFirstSearch", "BreadthFirstSearch\BreadthFirstSearch.csproj", "{0BEA9737-3C3C-4771-8C62-8B3F31C97176}"
EndProject
Global
	GlobalSection(SolutionConfigurationPlatforms) = preSolution
		Debug|Any CPU = Debug|Any CPU
		Release|Any CPU = Release|Any CPU
	EndGlobalSection
	GlobalSection(ProjectConfigurationPlatforms) = postSolution
		{0BEA9737-3C3C-4771-8C62-8B3F31C97176}.Debug|Any CPU.ActiveCfg = Debug|Any CPU
		{0BEA9737-3C3C-4771-8C62-8B3F31C97176}.Debug|Any CPU.Build.0 = Debug|Any CPU
		{0BEA9737-3C3C-4771-8C62-8B3F31C97176}.Release|Any CPU.ActiveCfg = Release|Any CPU
		{0BEA9737-3C3C-4771-8C62-8B3F31C97176}.Release|Any CPU.Build.0 = Release|Any CPU
	EndGlobalSection
	GlobalSection(SolutionProperties) = preSolution
		HideSolutionNode = FALSE
	EndGlobalSection
	GlobalSection(ExtensibilityGlobals) = postSolution
		SolutionGuid = {163BFDE2-E4E4-472E-B7B9-EF6E9DC4DE52}
	EndGlobalSection
EndGlobal
