
Microsoft Visual Studio Solution File, Format Version 12.00
# Visual Studio 15
VisualStudioVersion = 15.0.28010.2036
MinimumVisualStudioVersion = 10.0.40219.1
Project("{FAE04EC0-301F-11D3-BF4B-00C04F79EFBC}") = "LinkedListReverse", "LinkedListReverse\LinkedListReverse.csproj", "{39F8480E-354C-4B56-B3FF-BAEDC9685C84}"
EndProject
Project("{FAE04EC0-301F-11D3-BF4B-00C04F79EFBC}") = "TestLLReverse", "TestLLReverse\TestLLReverse.csproj", "{F646C18C-4792-419E-827C-A2F33FA0875B}"
EndProject
Global
	GlobalSection(SolutionConfigurationPlatforms) = preSolution
		Debug|Any CPU = Debug|Any CPU
		Release|Any CPU = Release|Any CPU
	EndGlobalSection
	GlobalSection(ProjectConfigurationPlatforms) = postSolution
		{39F8480E-354C-4B56-B3FF-BAEDC9685C84}.Debug|Any CPU.ActiveCfg = Debug|Any CPU
		{39F8480E-354C-4B56-B3FF-BAEDC9685C84}.Debug|Any CPU.Build.0 = Debug|Any CPU
		{39F8480E-354C-4B56-B3FF-BAEDC9685C84}.Release|Any CPU.ActiveCfg = Release|Any CPU
		{39F8480E-354C-4B56-B3FF-BAEDC9685C84}.Release|Any CPU.Build.0 = Release|Any CPU
		{F646C18C-4792-419E-827C-A2F33FA0875B}.Debug|Any CPU.ActiveCfg = Debug|Any CPU
		{F646C18C-4792-419E-827C-A2F33FA0875B}.Debug|Any CPU.Build.0 = Debug|Any CPU
		{F646C18C-4792-419E-827C-A2F33FA0875B}.Release|Any CPU.ActiveCfg = Release|Any CPU
		{F646C18C-4792-419E-827C-A2F33FA0875B}.Release|Any CPU.Build.0 = Release|Any CPU
	EndGlobalSection
	GlobalSection(SolutionProperties) = preSolution
		HideSolutionNode = FALSE
	EndGlobalSection
	GlobalSection(ExtensibilityGlobals) = postSolution
		SolutionGuid = {306F8D2E-0AA9-4F2F-8686-6F5D4DC38BFC}
	EndGlobalSection
EndGlobal
