
Microsoft Visual Studio Solution File, Format Version 12.00
# Visual Studio 15
VisualStudioVersion = 15.0.28010.2036
MinimumVisualStudioVersion = 10.0.40219.1
Project("{FAE04EC0-301F-11D3-BF4B-00C04F79EFBC}") = "FindMaxBinaryTree", "ConsoleApp1\FindMaxBinaryTree.csproj", "{0745644A-100A-4A5E-9CEB-56E6223BDAF1}"
EndProject
Project("{FAE04EC0-301F-11D3-BF4B-00C04F79EFBC}") = "TestMaxValueBinaryTree", "TestMaxValueBinaryTree\TestMaxValueBinaryTree.csproj", "{3F37341D-BC7D-42A9-87E5-DFC391940E6C}"
EndProject
Global
	GlobalSection(SolutionConfigurationPlatforms) = preSolution
		Debug|Any CPU = Debug|Any CPU
		Release|Any CPU = Release|Any CPU
	EndGlobalSection
	GlobalSection(ProjectConfigurationPlatforms) = postSolution
		{0745644A-100A-4A5E-9CEB-56E6223BDAF1}.Debug|Any CPU.ActiveCfg = Debug|Any CPU
		{0745644A-100A-4A5E-9CEB-56E6223BDAF1}.Debug|Any CPU.Build.0 = Debug|Any CPU
		{0745644A-100A-4A5E-9CEB-56E6223BDAF1}.Release|Any CPU.ActiveCfg = Release|Any CPU
		{0745644A-100A-4A5E-9CEB-56E6223BDAF1}.Release|Any CPU.Build.0 = Release|Any CPU
		{3F37341D-BC7D-42A9-87E5-DFC391940E6C}.Debug|Any CPU.ActiveCfg = Debug|Any CPU
		{3F37341D-BC7D-42A9-87E5-DFC391940E6C}.Debug|Any CPU.Build.0 = Debug|Any CPU
		{3F37341D-BC7D-42A9-87E5-DFC391940E6C}.Release|Any CPU.ActiveCfg = Release|Any CPU
		{3F37341D-BC7D-42A9-87E5-DFC391940E6C}.Release|Any CPU.Build.0 = Release|Any CPU
	EndGlobalSection
	GlobalSection(SolutionProperties) = preSolution
		HideSolutionNode = FALSE
	EndGlobalSection
	GlobalSection(ExtensibilityGlobals) = postSolution
		SolutionGuid = {1F74D54B-2830-4BF4-AFD2-0C6BED9E21A6}
	EndGlobalSection
EndGlobal
