
Microsoft Visual Studio Solution File, Format Version 12.00
# Visual Studio 15
VisualStudioVersion = 15.0.28010.2036
MinimumVisualStudioVersion = 10.0.40219.1
Project("{FAE04EC0-301F-11D3-BF4B-00C04F79EFBC}") = "BinarySearch", "BinarySearch\BinarySearch.csproj", "{0484953B-2FF9-4686-B0B5-27F6B0E267FF}"
EndProject
Project("{FAE04EC0-301F-11D3-BF4B-00C04F79EFBC}") = "BinarySearchTest", "BinarySearchTest\BinarySearchTest.csproj", "{D43769FE-6500-4D95-8793-7008CC81F459}"
EndProject
Global
	GlobalSection(SolutionConfigurationPlatforms) = preSolution
		Debug|Any CPU = Debug|Any CPU
		Release|Any CPU = Release|Any CPU
	EndGlobalSection
	GlobalSection(ProjectConfigurationPlatforms) = postSolution
		{0484953B-2FF9-4686-B0B5-27F6B0E267FF}.Debug|Any CPU.ActiveCfg = Debug|Any CPU
		{0484953B-2FF9-4686-B0B5-27F6B0E267FF}.Debug|Any CPU.Build.0 = Debug|Any CPU
		{0484953B-2FF9-4686-B0B5-27F6B0E267FF}.Release|Any CPU.ActiveCfg = Release|Any CPU
		{0484953B-2FF9-4686-B0B5-27F6B0E267FF}.Release|Any CPU.Build.0 = Release|Any CPU
		{D43769FE-6500-4D95-8793-7008CC81F459}.Debug|Any CPU.ActiveCfg = Debug|Any CPU
		{D43769FE-6500-4D95-8793-7008CC81F459}.Debug|Any CPU.Build.0 = Debug|Any CPU
		{D43769FE-6500-4D95-8793-7008CC81F459}.Release|Any CPU.ActiveCfg = Release|Any CPU
		{D43769FE-6500-4D95-8793-7008CC81F459}.Release|Any CPU.Build.0 = Release|Any CPU
	EndGlobalSection
	GlobalSection(SolutionProperties) = preSolution
		HideSolutionNode = FALSE
	EndGlobalSection
	GlobalSection(ExtensibilityGlobals) = postSolution
		SolutionGuid = {1CEBF310-2804-477F-955F-2D76545D116E}
	EndGlobalSection
EndGlobal
