
Microsoft Visual Studio Solution File, Format Version 12.00
# Visual Studio 15
VisualStudioVersion = 15.0.28010.2036
MinimumVisualStudioVersion = 10.0.40219.1
Project("{FAE04EC0-301F-11D3-BF4B-00C04F79EFBC}") = "Hashtables", "Hashtables\Hashtables.csproj", "{0C26CB16-3275-4A43-90BD-3D323D000849}"
EndProject
Project("{FAE04EC0-301F-11D3-BF4B-00C04F79EFBC}") = "TestHashTable", "TestHashTable\TestHashTable.csproj", "{2AB0D6D7-0D1F-4061-8845-25AFD924A592}"
EndProject
Global
	GlobalSection(SolutionConfigurationPlatforms) = preSolution
		Debug|Any CPU = Debug|Any CPU
		Release|Any CPU = Release|Any CPU
	EndGlobalSection
	GlobalSection(ProjectConfigurationPlatforms) = postSolution
		{0C26CB16-3275-4A43-90BD-3D323D000849}.Debug|Any CPU.ActiveCfg = Debug|Any CPU
		{0C26CB16-3275-4A43-90BD-3D323D000849}.Debug|Any CPU.Build.0 = Debug|Any CPU
		{0C26CB16-3275-4A43-90BD-3D323D000849}.Release|Any CPU.ActiveCfg = Release|Any CPU
		{0C26CB16-3275-4A43-90BD-3D323D000849}.Release|Any CPU.Build.0 = Release|Any CPU
		{2AB0D6D7-0D1F-4061-8845-25AFD924A592}.Debug|Any CPU.ActiveCfg = Debug|Any CPU
		{2AB0D6D7-0D1F-4061-8845-25AFD924A592}.Debug|Any CPU.Build.0 = Debug|Any CPU
		{2AB0D6D7-0D1F-4061-8845-25AFD924A592}.Release|Any CPU.ActiveCfg = Release|Any CPU
		{2AB0D6D7-0D1F-4061-8845-25AFD924A592}.Release|Any CPU.Build.0 = Release|Any CPU
	EndGlobalSection
	GlobalSection(SolutionProperties) = preSolution
		HideSolutionNode = FALSE
	EndGlobalSection
	GlobalSection(ExtensibilityGlobals) = postSolution
		SolutionGuid = {4E9183EB-2030-48F4-992C-7A427F2E77FC}
	EndGlobalSection
EndGlobal
