
Microsoft Visual Studio Solution File, Format Version 12.00
# Visual Studio 15
VisualStudioVersion = 15.0.28010.2036
MinimumVisualStudioVersion = 10.0.40219.1
Project("{9A19103F-16F7-4668-BE54-9A1E7A4F7556}") = "GetEdges", "GetEdges\GetEdges.csproj", "{6BB36902-9B08-4CD3-B3C5-72E54EE36BFD}"
EndProject
Project("{FAE04EC0-301F-11D3-BF4B-00C04F79EFBC}") = "TestGetEdge", "TestGetEdge\TestGetEdge.csproj", "{DADDFD4F-551D-47A5-86C5-6FF3500CB868}"
EndProject
Global
	GlobalSection(SolutionConfigurationPlatforms) = preSolution
		Debug|Any CPU = Debug|Any CPU
		Release|Any CPU = Release|Any CPU
	EndGlobalSection
	GlobalSection(ProjectConfigurationPlatforms) = postSolution
		{6BB36902-9B08-4CD3-B3C5-72E54EE36BFD}.Debug|Any CPU.ActiveCfg = Debug|Any CPU
		{6BB36902-9B08-4CD3-B3C5-72E54EE36BFD}.Debug|Any CPU.Build.0 = Debug|Any CPU
		{6BB36902-9B08-4CD3-B3C5-72E54EE36BFD}.Release|Any CPU.ActiveCfg = Release|Any CPU
		{6BB36902-9B08-4CD3-B3C5-72E54EE36BFD}.Release|Any CPU.Build.0 = Release|Any CPU
		{DADDFD4F-551D-47A5-86C5-6FF3500CB868}.Debug|Any CPU.ActiveCfg = Debug|Any CPU
		{DADDFD4F-551D-47A5-86C5-6FF3500CB868}.Debug|Any CPU.Build.0 = Debug|Any CPU
		{DADDFD4F-551D-47A5-86C5-6FF3500CB868}.Release|Any CPU.ActiveCfg = Release|Any CPU
		{DADDFD4F-551D-47A5-86C5-6FF3500CB868}.Release|Any CPU.Build.0 = Release|Any CPU
	EndGlobalSection
	GlobalSection(SolutionProperties) = preSolution
		HideSolutionNode = FALSE
	EndGlobalSection
	GlobalSection(ExtensibilityGlobals) = postSolution
		SolutionGuid = {B209F018-BD5D-467C-8507-E2CE6B76FFE3}
	EndGlobalSection
EndGlobal
