
Microsoft Visual Studio Solution File, Format Version 12.00
# Visual Studio 15
VisualStudioVersion = 15.0.28010.2036
MinimumVisualStudioVersion = 10.0.40219.1
Project("{FAE04EC0-301F-11D3-BF4B-00C04F79EFBC}") = "arrayShift", "arrayShift\arrayShift.csproj", "{8942E98B-332B-42A5-AC0E-E4F8EA978804}"
EndProject
Global
	GlobalSection(SolutionConfigurationPlatforms) = preSolution
		Debug|Any CPU = Debug|Any CPU
		Release|Any CPU = Release|Any CPU
	EndGlobalSection
	GlobalSection(ProjectConfigurationPlatforms) = postSolution
		{8942E98B-332B-42A5-AC0E-E4F8EA978804}.Debug|Any CPU.ActiveCfg = Debug|Any CPU
		{8942E98B-332B-42A5-AC0E-E4F8EA978804}.Debug|Any CPU.Build.0 = Debug|Any CPU
		{8942E98B-332B-42A5-AC0E-E4F8EA978804}.Release|Any CPU.ActiveCfg = Release|Any CPU
		{8942E98B-332B-42A5-AC0E-E4F8EA978804}.Release|Any CPU.Build.0 = Release|Any CPU
	EndGlobalSection
	GlobalSection(SolutionProperties) = preSolution
		HideSolutionNode = FALSE
	EndGlobalSection
	GlobalSection(ExtensibilityGlobals) = postSolution
		SolutionGuid = {E98DA292-65E3-476E-A1C2-7334FAE4E8A7}
	EndGlobalSection
EndGlobal
