
Microsoft Visual Studio Solution File, Format Version 12.00
# Visual Studio 15
VisualStudioVersion = 15.0.28010.2036
MinimumVisualStudioVersion = 10.0.40219.1
Project("{FAE04EC0-301F-11D3-BF4B-00C04F79EFBC}") = "FindMaxValueBinaryTree", "FindMaxValueBinaryTree\FindMaxValueBinaryTree.csproj", "{11264834-DFBD-40CD-B8A5-5DAA0193373C}"
EndProject
Project("{FAE04EC0-301F-11D3-BF4B-00C04F79EFBC}") = "TestFindMaxBinaryTree", "TestFindMaxBinaryTree\TestFindMaxBinaryTree.csproj", "{53BF72F5-1CCA-42FA-B2BC-5028F55C1B3B}"
EndProject
Global
	GlobalSection(SolutionConfigurationPlatforms) = preSolution
		Debug|Any CPU = Debug|Any CPU
		Release|Any CPU = Release|Any CPU
	EndGlobalSection
	GlobalSection(ProjectConfigurationPlatforms) = postSolution
		{11264834-DFBD-40CD-B8A5-5DAA0193373C}.Debug|Any CPU.ActiveCfg = Debug|Any CPU
		{11264834-DFBD-40CD-B8A5-5DAA0193373C}.Debug|Any CPU.Build.0 = Debug|Any CPU
		{11264834-DFBD-40CD-B8A5-5DAA0193373C}.Release|Any CPU.ActiveCfg = Release|Any CPU
		{11264834-DFBD-40CD-B8A5-5DAA0193373C}.Release|Any CPU.Build.0 = Release|Any CPU
		{53BF72F5-1CCA-42FA-B2BC-5028F55C1B3B}.Debug|Any CPU.ActiveCfg = Debug|Any CPU
		{53BF72F5-1CCA-42FA-B2BC-5028F55C1B3B}.Debug|Any CPU.Build.0 = Debug|Any CPU
		{53BF72F5-1CCA-42FA-B2BC-5028F55C1B3B}.Release|Any CPU.ActiveCfg = Release|Any CPU
		{53BF72F5-1CCA-42FA-B2BC-5028F55C1B3B}.Release|Any CPU.Build.0 = Release|Any CPU
	EndGlobalSection
	GlobalSection(SolutionProperties) = preSolution
		HideSolutionNode = FALSE
	EndGlobalSection
	GlobalSection(ExtensibilityGlobals) = postSolution
		SolutionGuid = {52AD5A85-26E8-43FA-9544-A6451067CC39}
	EndGlobalSection
EndGlobal
