
Microsoft Visual Studio Solution File, Format Version 12.00
# Visual Studio 15
VisualStudioVersion = 15.0.28010.2036
MinimumVisualStudioVersion = 10.0.40219.1
Project("{FAE04EC0-301F-11D3-BF4B-00C04F79EFBC}") = "QueueWithStacks", "QueueWithStacks\QueueWithStacks.csproj", "{12A9B2F1-AA96-4F65-A3D0-E9C2800731FB}"
EndProject
Project("{FAE04EC0-301F-11D3-BF4B-00C04F79EFBC}") = "TestQueueWithStacks", "TestQueueWithStacks\TestQueueWithStacks.csproj", "{FD5E4794-26CF-4A97-B319-B3B057728A64}"
EndProject
Global
	GlobalSection(SolutionConfigurationPlatforms) = preSolution
		Debug|Any CPU = Debug|Any CPU
		Release|Any CPU = Release|Any CPU
	EndGlobalSection
	GlobalSection(ProjectConfigurationPlatforms) = postSolution
		{12A9B2F1-AA96-4F65-A3D0-E9C2800731FB}.Debug|Any CPU.ActiveCfg = Debug|Any CPU
		{12A9B2F1-AA96-4F65-A3D0-E9C2800731FB}.Debug|Any CPU.Build.0 = Debug|Any CPU
		{12A9B2F1-AA96-4F65-A3D0-E9C2800731FB}.Release|Any CPU.ActiveCfg = Release|Any CPU
		{12A9B2F1-AA96-4F65-A3D0-E9C2800731FB}.Release|Any CPU.Build.0 = Release|Any CPU
		{FD5E4794-26CF-4A97-B319-B3B057728A64}.Debug|Any CPU.ActiveCfg = Debug|Any CPU
		{FD5E4794-26CF-4A97-B319-B3B057728A64}.Debug|Any CPU.Build.0 = Debug|Any CPU
		{FD5E4794-26CF-4A97-B319-B3B057728A64}.Release|Any CPU.ActiveCfg = Release|Any CPU
		{FD5E4794-26CF-4A97-B319-B3B057728A64}.Release|Any CPU.Build.0 = Release|Any CPU
	EndGlobalSection
	GlobalSection(SolutionProperties) = preSolution
		HideSolutionNode = FALSE
	EndGlobalSection
	GlobalSection(ExtensibilityGlobals) = postSolution
		SolutionGuid = {131DBC80-4365-49D2-99AB-F43FBD477BA8}
	EndGlobalSection
EndGlobal
