
Microsoft Visual Studio Solution File, Format Version 12.00
# Visual Studio 15
VisualStudioVersion = 15.0.28010.2036
MinimumVisualStudioVersion = 10.0.40219.1
Project("{FAE04EC0-301F-11D3-BF4B-00C04F79EFBC}") = "FifoAnimalShelter", "FifoAnimalShelter\FifoAnimalShelter.csproj", "{172673AD-69B7-490C-814A-E03A624AE4C0}"
EndProject
Project("{FAE04EC0-301F-11D3-BF4B-00C04F79EFBC}") = "TestAnimalShelter", "TestAnimalShelter\TestAnimalShelter.csproj", "{38A9FFF6-10E2-454F-8FBB-A5570003F699}"
EndProject
Global
	GlobalSection(SolutionConfigurationPlatforms) = preSolution
		Debug|Any CPU = Debug|Any CPU
		Release|Any CPU = Release|Any CPU
	EndGlobalSection
	GlobalSection(ProjectConfigurationPlatforms) = postSolution
		{172673AD-69B7-490C-814A-E03A624AE4C0}.Debug|Any CPU.ActiveCfg = Debug|Any CPU
		{172673AD-69B7-490C-814A-E03A624AE4C0}.Debug|Any CPU.Build.0 = Debug|Any CPU
		{172673AD-69B7-490C-814A-E03A624AE4C0}.Release|Any CPU.ActiveCfg = Release|Any CPU
		{172673AD-69B7-490C-814A-E03A624AE4C0}.Release|Any CPU.Build.0 = Release|Any CPU
		{38A9FFF6-10E2-454F-8FBB-A5570003F699}.Debug|Any CPU.ActiveCfg = Debug|Any CPU
		{38A9FFF6-10E2-454F-8FBB-A5570003F699}.Debug|Any CPU.Build.0 = Debug|Any CPU
		{38A9FFF6-10E2-454F-8FBB-A5570003F699}.Release|Any CPU.ActiveCfg = Release|Any CPU
		{38A9FFF6-10E2-454F-8FBB-A5570003F699}.Release|Any CPU.Build.0 = Release|Any CPU
	EndGlobalSection
	GlobalSection(SolutionProperties) = preSolution
		HideSolutionNode = FALSE
	EndGlobalSection
	GlobalSection(ExtensibilityGlobals) = postSolution
		SolutionGuid = {E56E5614-0AC3-408E-BFEB-076472DEE5E7}
	EndGlobalSection
EndGlobal
