
Microsoft Visual Studio Solution File, Format Version 12.00
# Visual Studio 15
VisualStudioVersion = 15.0.28010.2036
MinimumVisualStudioVersion = 10.0.40219.1
Project("{FAE04EC0-301F-11D3-BF4B-00C04F79EFBC}") = "Graph", "Graph\Graph.csproj", "{B9730D33-F9E3-4FF1-965B-C1E62469ABA5}"
EndProject
Project("{FAE04EC0-301F-11D3-BF4B-00C04F79EFBC}") = "TestGraph", "TestGraph\TestGraph.csproj", "{604C3062-4F54-4E2A-9AA8-94C04889830F}"
EndProject
Global
	GlobalSection(SolutionConfigurationPlatforms) = preSolution
		Debug|Any CPU = Debug|Any CPU
		Release|Any CPU = Release|Any CPU
	EndGlobalSection
	GlobalSection(ProjectConfigurationPlatforms) = postSolution
		{B9730D33-F9E3-4FF1-965B-C1E62469ABA5}.Debug|Any CPU.ActiveCfg = Debug|Any CPU
		{B9730D33-F9E3-4FF1-965B-C1E62469ABA5}.Debug|Any CPU.Build.0 = Debug|Any CPU
		{B9730D33-F9E3-4FF1-965B-C1E62469ABA5}.Release|Any CPU.ActiveCfg = Release|Any CPU
		{B9730D33-F9E3-4FF1-965B-C1E62469ABA5}.Release|Any CPU.Build.0 = Release|Any CPU
		{604C3062-4F54-4E2A-9AA8-94C04889830F}.Debug|Any CPU.ActiveCfg = Debug|Any CPU
		{604C3062-4F54-4E2A-9AA8-94C04889830F}.Debug|Any CPU.Build.0 = Debug|Any CPU
		{604C3062-4F54-4E2A-9AA8-94C04889830F}.Release|Any CPU.ActiveCfg = Release|Any CPU
		{604C3062-4F54-4E2A-9AA8-94C04889830F}.Release|Any CPU.Build.0 = Release|Any CPU
	EndGlobalSection
	GlobalSection(SolutionProperties) = preSolution
		HideSolutionNode = FALSE
	EndGlobalSection
	GlobalSection(ExtensibilityGlobals) = postSolution
		SolutionGuid = {030498E4-9CBA-4D01-983C-F705302BC23C}
	EndGlobalSection
EndGlobal
